
Microsoft Visual Studio Solution File, Format Version 12.00
# Visual Studio Version 17
VisualStudioVersion = 17.2.32616.157
MinimumVisualStudioVersion = 10.0.40219.1
Project("{FAE04EC0-301F-11D3-BF4B-00C04F79EFBC}") = "SnapmakerControl", "SnapmakerControl\SnapmakerControl.csproj", "{9BBEF1D8-35DF-47BF-B2B6-52BE0439E95A}"
EndProject
Global
	GlobalSection(SolutionConfigurationPlatforms) = preSolution
		Debug|Any CPU = Debug|Any CPU
		Release|Any CPU = Release|Any CPU
	EndGlobalSection
	GlobalSection(ProjectConfigurationPlatforms) = postSolution
		{9BBEF1D8-35DF-47BF-B2B6-52BE0439E95A}.Debug|Any CPU.ActiveCfg = Debug|Any CPU
		{9BBEF1D8-35DF-47BF-B2B6-52BE0439E95A}.Debug|Any CPU.Build.0 = Debug|Any CPU
		{9BBEF1D8-35DF-47BF-B2B6-52BE0439E95A}.Release|Any CPU.ActiveCfg = Release|Any CPU
		{9BBEF1D8-35DF-47BF-B2B6-52BE0439E95A}.Release|Any CPU.Build.0 = Release|Any CPU
	EndGlobalSection
	GlobalSection(SolutionProperties) = preSolution
		HideSolutionNode = FALSE
	EndGlobalSection
	GlobalSection(ExtensibilityGlobals) = postSolution
		SolutionGuid = {4335796F-97D2-4B97-B45F-6B5EABE12C39}
	EndGlobalSection
EndGlobal
